
Microsoft Visual Studio Solution File, Format Version 12.00
# Visual Studio Version 17
VisualStudioVersion = 17.0.31903.59
MinimumVisualStudioVersion = 10.0.40219.1
Project("{9A19103F-16F7-4668-BE54-9A1E7A4F7556}") = "GDM8261A_Tester", "GDM8261A_Tester\GDM8261A_Tester.csproj", "{B5E1A9D3-7C42-4F18-9A66-2D8E0C5F31AB}"
EndProject
Project("{9A19103F-16F7-4668-BE54-9A1E7A4F7556}") = "GDM8261A_Tester2", "..\GDM8261A_Tester2\GDM8261A_Tester2.csproj", "{EB9DC3BF-60FB-45F6-BACE-72520C8252DA}"
EndProject
Global
	GlobalSection(SolutionConfigurationPlatforms) = preSolution
		Debug|Any CPU = Debug|Any CPU
		Debug|x64 = Debug|x64
		Debug|x86 = Debug|x86
		Release|Any CPU = Release|Any CPU
		Release|x64 = Release|x64
		Release|x86 = Release|x86
	EndGlobalSection
	GlobalSection(ProjectConfigurationPlatforms) = postSolution
		{B5E1A9D3-7C42-4F18-9A66-2D8E0C5F31AB}.Debug|Any CPU.ActiveCfg = Debug|Any CPU
		{B5E1A9D3-7C42-4F18-9A66-2D8E0C5F31AB}.Debug|Any CPU.Build.0 = Debug|Any CPU
		{B5E1A9D3-7C42-4F18-9A66-2D8E0C5F31AB}.Debug|x64.ActiveCfg = Debug|Any CPU
		{B5E1A9D3-7C42-4F18-9A66-2D8E0C5F31AB}.Debug|x64.Build.0 = Debug|Any CPU
		{B5E1A9D3-7C42-4F18-9A66-2D8E0C5F31AB}.Debug|x86.ActiveCfg = Debug|Any CPU
		{B5E1A9D3-7C42-4F18-9A66-2D8E0C5F31AB}.Debug|x86.Build.0 = Debug|Any CPU
		{B5E1A9D3-7C42-4F18-9A66-2D8E0C5F31AB}.Release|Any CPU.ActiveCfg = Release|Any CPU
		{B5E1A9D3-7C42-4F18-9A66-2D8E0C5F31AB}.Release|Any CPU.Build.0 = Release|Any CPU
		{B5E1A9D3-7C42-4F18-9A66-2D8E0C5F31AB}.Release|x64.ActiveCfg = Release|Any CPU
		{B5E1A9D3-7C42-4F18-9A66-2D8E0C5F31AB}.Release|x64.Build.0 = Release|Any CPU
		{B5E1A9D3-7C42-4F18-9A66-2D8E0C5F31AB}.Release|x86.ActiveCfg = Release|Any CPU
		{B5E1A9D3-7C42-4F18-9A66-2D8E0C5F31AB}.Release|x86.Build.0 = Release|Any CPU
		{EB9DC3BF-60FB-45F6-BACE-72520C8252DA}.Debug|Any CPU.ActiveCfg = Debug|Any CPU
		{EB9DC3BF-60FB-45F6-BACE-72520C8252DA}.Debug|Any CPU.Build.0 = Debug|Any CPU
		{EB9DC3BF-60FB-45F6-BACE-72520C8252DA}.Debug|x64.ActiveCfg = Debug|Any CPU
		{EB9DC3BF-60FB-45F6-BACE-72520C8252DA}.Debug|x64.Build.0 = Debug|Any CPU
		{EB9DC3BF-60FB-45F6-BACE-72520C8252DA}.Debug|x86.ActiveCfg = Debug|Any CPU
		{EB9DC3BF-60FB-45F6-BACE-72520C8252DA}.Debug|x86.Build.0 = Debug|Any CPU
		{EB9DC3BF-60FB-45F6-BACE-72520C8252DA}.Release|Any CPU.ActiveCfg = Release|Any CPU
		{EB9DC3BF-60FB-45F6-BACE-72520C8252DA}.Release|Any CPU.Build.0 = Release|Any CPU
		{EB9DC3BF-60FB-45F6-BACE-72520C8252DA}.Release|x64.ActiveCfg = Release|Any CPU
		{EB9DC3BF-60FB-45F6-BACE-72520C8252DA}.Release|x64.Build.0 = Release|Any CPU
		{EB9DC3BF-60FB-45F6-BACE-72520C8252DA}.Release|x86.ActiveCfg = Release|Any CPU
		{EB9DC3BF-60FB-45F6-BACE-72520C8252DA}.Release|x86.Build.0 = Release|Any CPU
	EndGlobalSection
	GlobalSection(SolutionProperties) = preSolution
		HideSolutionNode = FALSE
	EndGlobalSection
EndGlobal
